
Microsoft Visual Studio Solution File, Format Version 12.00
# Visual Studio Version 17
VisualStudioVersion = 17.14.36408.4 d17.14
MinimumVisualStudioVersion = 10.0.40219.1
Project("{F2A71F9B-5D33-465A-A702-920D77279786}") = "EFProject", "EFProject\EFProject.fsproj", "{B664134F-D4CC-4CC3-B4DF-105D02AC055A}"
EndProject
Global
	GlobalSection(SolutionConfigurationPlatforms) = preSolution
		Debug|Any CPU = Debug|Any CPU
		Release|Any CPU = Release|Any CPU
	EndGlobalSection
	GlobalSection(ProjectConfigurationPlatforms) = postSolution
		{B664134F-D4CC-4CC3-B4DF-105D02AC055A}.Debug|Any CPU.ActiveCfg = Debug|Any CPU
		{B664134F-D4CC-4CC3-B4DF-105D02AC055A}.Debug|Any CPU.Build.0 = Debug|Any CPU
		{B664134F-D4CC-4CC3-B4DF-105D02AC055A}.Release|Any CPU.ActiveCfg = Release|Any CPU
		{B664134F-D4CC-4CC3-B4DF-105D02AC055A}.Release|Any CPU.Build.0 = Release|Any CPU
	EndGlobalSection
	GlobalSection(SolutionProperties) = preSolution
		HideSolutionNode = FALSE
	EndGlobalSection
	GlobalSection(ExtensibilityGlobals) = postSolution
		SolutionGuid = {F266F723-DD20-4060-8BF4-9AE60474D198}
	EndGlobalSection
EndGlobal
