
Microsoft Visual Studio Solution File, Format Version 12.00
# Visual Studio Version 17
VisualStudioVersion = 17.14.36310.24 d17.14
MinimumVisualStudioVersion = 10.0.40219.1
Project("{FAE04EC0-301F-11D3-BF4B-00C04F79EFBC}") = "ConsoleApp1", "ConsoleApp1\ConsoleApp1.csproj", "{72FC4ED6-F5DB-4EA6-B9D6-DDA0435815FD}"
EndProject
Global
	GlobalSection(SolutionConfigurationPlatforms) = preSolution
		Debug|Any CPU = Debug|Any CPU
		Release|Any CPU = Release|Any CPU
	EndGlobalSection
	GlobalSection(ProjectConfigurationPlatforms) = postSolution
		{72FC4ED6-F5DB-4EA6-B9D6-DDA0435815FD}.Debug|Any CPU.ActiveCfg = Debug|Any CPU
		{72FC4ED6-F5DB-4EA6-B9D6-DDA0435815FD}.Debug|Any CPU.Build.0 = Debug|Any CPU
		{72FC4ED6-F5DB-4EA6-B9D6-DDA0435815FD}.Release|Any CPU.ActiveCfg = Release|Any CPU
		{72FC4ED6-F5DB-4EA6-B9D6-DDA0435815FD}.Release|Any CPU.Build.0 = Release|Any CPU
	EndGlobalSection
	GlobalSection(SolutionProperties) = preSolution
		HideSolutionNode = FALSE
	EndGlobalSection
	GlobalSection(ExtensibilityGlobals) = postSolution
		SolutionGuid = {F6DB75E5-1A91-481B-8C5D-A680F2B2AE82}
	EndGlobalSection
EndGlobal
