
Microsoft Visual Studio Solution File, Format Version 12.00
# Visual Studio Version 17
VisualStudioVersion = 17.14.36310.24 d17.14
MinimumVisualStudioVersion = 10.0.40219.1
Project("{FAE04EC0-301F-11D3-BF4B-00C04F79EFBC}") = "ConsoleApp1", "ConsoleApp1\ConsoleApp1.csproj", "{5C2B878C-91C8-40DC-BC69-9399D747F11A}"
EndProject
Global
	GlobalSection(SolutionConfigurationPlatforms) = preSolution
		Debug|Any CPU = Debug|Any CPU
		Release|Any CPU = Release|Any CPU
	EndGlobalSection
	GlobalSection(ProjectConfigurationPlatforms) = postSolution
		{5C2B878C-91C8-40DC-BC69-9399D747F11A}.Debug|Any CPU.ActiveCfg = Debug|Any CPU
		{5C2B878C-91C8-40DC-BC69-9399D747F11A}.Debug|Any CPU.Build.0 = Debug|Any CPU
		{5C2B878C-91C8-40DC-BC69-9399D747F11A}.Release|Any CPU.ActiveCfg = Release|Any CPU
		{5C2B878C-91C8-40DC-BC69-9399D747F11A}.Release|Any CPU.Build.0 = Release|Any CPU
	EndGlobalSection
	GlobalSection(SolutionProperties) = preSolution
		HideSolutionNode = FALSE
	EndGlobalSection
	GlobalSection(ExtensibilityGlobals) = postSolution
		SolutionGuid = {9C08D0A3-B3BB-43D5-99E4-538EDAB6CEB2}
	EndGlobalSection
EndGlobal
